
Microsoft Visual Studio Solution File, Format Version 12.00
# Visual Studio Version 17
VisualStudioVersion = 17.0.31903.59
MinimumVisualStudioVersion = 10.0.40219.1
Project("{9A19103F-16F7-4668-BE54-9A1E7A4F7556}") = "FinanceOperation", "FinanceOperation\FinanceOperation.csproj", "{91AC80EE-970A-42E4-AEBF-B7A34DDBD325}"
EndProject
Project("{FAE04EC0-301F-11D3-BF4B-00C04F79EFBC}") = "FinanceOperation.API", "FinanceOperation.API\FinanceOperation.API.csproj", "{81EA9814-7D11-4F1F-9D7C-C8E527EA1C57}"
EndProject
Global
	GlobalSection(SolutionConfigurationPlatforms) = preSolution
		Debug|Any CPU = Debug|Any CPU
		Release|Any CPU = Release|Any CPU
	EndGlobalSection
	GlobalSection(ProjectConfigurationPlatforms) = postSolution
		{91AC80EE-970A-42E4-AEBF-B7A34DDBD325}.Debug|Any CPU.ActiveCfg = Debug|Any CPU
		{91AC80EE-970A-42E4-AEBF-B7A34DDBD325}.Debug|Any CPU.Build.0 = Debug|Any CPU
		{91AC80EE-970A-42E4-AEBF-B7A34DDBD325}.Release|Any CPU.ActiveCfg = Release|Any CPU
		{91AC80EE-970A-42E4-AEBF-B7A34DDBD325}.Release|Any CPU.Build.0 = Release|Any CPU
		{81EA9814-7D11-4F1F-9D7C-C8E527EA1C57}.Debug|Any CPU.ActiveCfg = Debug|Any CPU
		{81EA9814-7D11-4F1F-9D7C-C8E527EA1C57}.Debug|Any CPU.Build.0 = Debug|Any CPU
		{81EA9814-7D11-4F1F-9D7C-C8E527EA1C57}.Release|Any CPU.ActiveCfg = Release|Any CPU
		{81EA9814-7D11-4F1F-9D7C-C8E527EA1C57}.Release|Any CPU.Build.0 = Release|Any CPU
	EndGlobalSection
	GlobalSection(SolutionProperties) = preSolution
		HideSolutionNode = FALSE
	EndGlobalSection
	GlobalSection(ExtensibilityGlobals) = postSolution
		SolutionGuid = {A4B7085E-8841-4321-8EE3-E42BBE234A58}
	EndGlobalSection
EndGlobal
